
Microsoft Visual Studio Solution File, Format Version 12.00
# Visual Studio 14
VisualStudioVersion = 14.0.25420.1
MinimumVisualStudioVersion = 10.0.40219.1
Project("{FAE04EC0-301F-11D3-BF4B-00C04F79EFBC}") = "Amity", "Amity\Amity.csproj", "{570312D2-A286-47E5-948A-3AC58A5E26AE}"
EndProject
Project("{FAE04EC0-301F-11D3-BF4B-00C04F79EFBC}") = "Shared", "..\Shared\Shared.csproj", "{A65E149E-12E5-42BE-974A-F6AC48DBC212}"
EndProject
Project("{FAE04EC0-301F-11D3-BF4B-00C04F79EFBC}") = "ViewModels", "..\ViewModels\ViewModels.csproj", "{15A81005-8845-453A-8DD2-68300DBE6144}"
EndProject
Global
	GlobalSection(SolutionConfigurationPlatforms) = preSolution
		Debug|Any CPU = Debug|Any CPU
		Release|Any CPU = Release|Any CPU
	EndGlobalSection
	GlobalSection(ProjectConfigurationPlatforms) = postSolution
		{570312D2-A286-47E5-948A-3AC58A5E26AE}.Debug|Any CPU.ActiveCfg = Debug|Any CPU
		{570312D2-A286-47E5-948A-3AC58A5E26AE}.Debug|Any CPU.Build.0 = Debug|Any CPU
		{570312D2-A286-47E5-948A-3AC58A5E26AE}.Release|Any CPU.ActiveCfg = Release|Any CPU
		{570312D2-A286-47E5-948A-3AC58A5E26AE}.Release|Any CPU.Build.0 = Release|Any CPU
		{A65E149E-12E5-42BE-974A-F6AC48DBC212}.Debug|Any CPU.ActiveCfg = Debug|Any CPU
		{A65E149E-12E5-42BE-974A-F6AC48DBC212}.Debug|Any CPU.Build.0 = Debug|Any CPU
		{A65E149E-12E5-42BE-974A-F6AC48DBC212}.Release|Any CPU.ActiveCfg = Release|Any CPU
		{A65E149E-12E5-42BE-974A-F6AC48DBC212}.Release|Any CPU.Build.0 = Release|Any CPU
		{15A81005-8845-453A-8DD2-68300DBE6144}.Debug|Any CPU.ActiveCfg = Debug|Any CPU
		{15A81005-8845-453A-8DD2-68300DBE6144}.Debug|Any CPU.Build.0 = Debug|Any CPU
		{15A81005-8845-453A-8DD2-68300DBE6144}.Release|Any CPU.ActiveCfg = Release|Any CPU
		{15A81005-8845-453A-8DD2-68300DBE6144}.Release|Any CPU.Build.0 = Release|Any CPU
	EndGlobalSection
	GlobalSection(SolutionProperties) = preSolution
		HideSolutionNode = FALSE
	EndGlobalSection
EndGlobal
